{
  "lockfileVersion": 2,
  "configVersion": 1,
  "workspaces": {
    "": {
      "name": "bend-csv",
      "devDependencies": {
        "bend-emit": "0.3.0",
        "bend-falsify": "github:nohzafk/bend-falsify#a50873f",
      },
    },
  },
  "packages": {
    "bend-emit": ["bend-emit@0.3.0", "", { "bin": { "bend-emit": "src/cli.js" } }, "sha512-5ou4620ByYr7ewhaDwyMIn/z67XZQ71lSq+s+BzbErkC5Bo1rbmvJbXdjxdbbDy+JWDcuaB/zIsMVY3YCMXGRQ=="],

    "bend-falsify": ["bend-falsify@github:nohzafk/bend-falsify#a50873f", { "bin": { "bend-falsify": "./src/falsify.ts" } }, "nohzafk-bend-falsify-a50873f", "sha512-rXVweLsx8rVHzoMY/jLkKQezVt9JV+Iu+Tk9L0oFfe2AtSuXzlhqTHK2DhUHDkyKzgSODqS+QFATCY6+mD52Pg=="],
  }
}
